
Microsoft Visual Studio Solution File, Format Version 12.00
# Visual Studio Version 16
VisualStudioVersion = 16.0.31729.503
MinimumVisualStudioVersion = 10.0.40219.1
Project("{8BC9CEB8-8B4A-11D0-8D11-00A0C91BC942}") = "atm_project", "atm_project\atm_project.vcxproj", "{43F45AD4-486A-4329-8553-436551DD742D}"
EndProject
Global
	GlobalSection(SolutionConfigurationPlatforms) = preSolution
		Debug|x64 = Debug|x64
		Debug|x86 = Debug|x86
		Release|x64 = Release|x64
		Release|x86 = Release|x86
	EndGlobalSection
	GlobalSection(ProjectConfigurationPlatforms) = postSolution
		{43F45AD4-486A-4329-8553-436551DD742D}.Debug|x64.ActiveCfg = Debug|x64
		{43F45AD4-486A-4329-8553-436551DD742D}.Debug|x64.Build.0 = Debug|x64
		{43F45AD4-486A-4329-8553-436551DD742D}.Debug|x86.ActiveCfg = Debug|Win32
		{43F45AD4-486A-4329-8553-436551DD742D}.Debug|x86.Build.0 = Debug|Win32
		{43F45AD4-486A-4329-8553-436551DD742D}.Release|x64.ActiveCfg = Release|x64
		{43F45AD4-486A-4329-8553-436551DD742D}.Release|x64.Build.0 = Release|x64
		{43F45AD4-486A-4329-8553-436551DD742D}.Release|x86.ActiveCfg = Release|Win32
		{43F45AD4-486A-4329-8553-436551DD742D}.Release|x86.Build.0 = Release|Win32
	EndGlobalSection
	GlobalSection(SolutionProperties) = preSolution
		HideSolutionNode = FALSE
	EndGlobalSection
	GlobalSection(ExtensibilityGlobals) = postSolution
		SolutionGuid = {DFF1EAE3-586D-409F-9AB4-D999FF7C5AC2}
	EndGlobalSection
EndGlobal
